{
  "name": "portfolio-redesign",
  "lockfileVersion": 2,
  "requires": true,
  "packages": {
    "": {
      "dependencies": {
        "sal.js": "^0.8.4"
      }
    },
    "node_modules/sal.js": {
      "version": "0.8.4",
      "resolved": "https://registry.npmjs.org/sal.js/-/sal.js-0.8.4.tgz",
      "integrity": "sha512-qPM5lq0GzFSwvAofmNB82Lk7bYpHxLO4VNWq6w26T7d1bO/4K12UyluvLizXbceRZnhmKBglUr1E+m4tttVs0Q==",
      "engines": {
        "node": ">=12.0.0"
      }
    }
  },
  "dependencies": {
    "sal.js": {
      "version": "0.8.4",
      "resolved": "https://registry.npmjs.org/sal.js/-/sal.js-0.8.4.tgz",
      "integrity": "sha512-qPM5lq0GzFSwvAofmNB82Lk7bYpHxLO4VNWq6w26T7d1bO/4K12UyluvLizXbceRZnhmKBglUr1E+m4tttVs0Q=="
    }
  }
}
